
Microsoft Visual Studio Solution File, Format Version 12.00
# Visual Studio Version 17
VisualStudioVersion = 17.5.33414.496
MinimumVisualStudioVersion = 10.0.40219.1
Project("{9A19103F-16F7-4668-BE54-9A1E7A4F7556}") = "测试数据库连接", "测试数据库连接\测试数据库连接.csproj", "{B2296391-5EC2-4FC9-BE0F-B8912DB29303}"
EndProject
Project("{9A19103F-16F7-4668-BE54-9A1E7A4F7556}") = "从环境变量中读取数据库字符串连接", "从环境变量中读取数据库字符串连接\从环境变量中读取数据库字符串连接.csproj", "{56083F79-76D4-4D29-BA2E-F497BB43436A}"
EndProject
Project("{2150E333-8FDC-42A3-9474-1A3956D46DE8}") = "数据库", "数据库", "{032C4AD6-19B2-4206-A455-E3AB597A06D5}"
EndProject
Project("{2150E333-8FDC-42A3-9474-1A3956D46DE8}") = "身份认证", "身份认证", "{589397B4-0F41-4B8B-A504-0359486467C9}"
EndProject
Project("{9A19103F-16F7-4668-BE54-9A1E7A4F7556}") = "自定义身份认证", "自定义身份认证\自定义身份认证.csproj", "{23E280BB-6BDA-43A3-9756-E0F3B55FB4FE}"
EndProject
Project("{2150E333-8FDC-42A3-9474-1A3956D46DE8}") = "anyDBCinfig的配置读取", "anyDBCinfig的配置读取", "{A5BC82DB-3E55-44D3-9CC5-9233EAB6749E}"
EndProject
Project("{9A19103F-16F7-4668-BE54-9A1E7A4F7556}") = "configReander", "configReander\configReander.csproj", "{59FD07B5-1E54-45C2-B6FD-AB2C6F27FC0C}"
EndProject
Project("{9A19103F-16F7-4668-BE54-9A1E7A4F7556}") = "获取服务器上的文件", "获取服务器上的文件\获取服务器上的文件.csproj", "{3D886030-E318-491D-A66E-CF9A491F3099}"
EndProject
Project("{2150E333-8FDC-42A3-9474-1A3956D46DE8}") = "使用ftp获取服务器上的文件", "使用ftp获取服务器上的文件", "{FC4081E3-1726-477A-A187-3D77C1BE5771}"
EndProject
Project("{2150E333-8FDC-42A3-9474-1A3956D46DE8}") = "连接RabbitMQ", "连接RabbitMQ", "{5C1A9758-43EA-4966-9553-66165C670F87}"
EndProject
Project("{9A19103F-16F7-4668-BE54-9A1E7A4F7556}") = "连接RabbitMQ", "WebApplication1\连接RabbitMQ.csproj", "{AE81DE24-8972-453D-98B9-7017F447FF83}"
EndProject
Project("{2150E333-8FDC-42A3-9474-1A3956D46DE8}") = "使用Zack.EventBus", "使用Zack.EventBus", "{01C7E0A2-E556-4ECD-B518-CE471925E6C9}"
EndProject
Project("{9A19103F-16F7-4668-BE54-9A1E7A4F7556}") = "发送端", "发送端\发送端.csproj", "{3767D34C-5534-4E4B-8BB9-78B75F931C29}"
EndProject
Project("{9A19103F-16F7-4668-BE54-9A1E7A4F7556}") = "接收端", "接收端\接收端.csproj", "{4D7D060C-7A8C-41DD-AF63-5DB3CB6812FD}"
EndProject
Project("{2150E333-8FDC-42A3-9474-1A3956D46DE8}") = "uplodafiletest", "uplodafiletest", "{B1868F65-9ECC-42AE-B8DD-E824657E95A8}"
EndProject
Project("{9A19103F-16F7-4668-BE54-9A1E7A4F7556}") = "上传文件", "uploadfiletest\上传文件.csproj", "{2ACDA824-2BA8-4334-B99D-0ED2716020E0}"
EndProject
Project("{2150E333-8FDC-42A3-9474-1A3956D46DE8}") = "上传文件", "上传文件", "{967358A8-485B-4535-8BA1-562F2C6BF83E}"
EndProject
Project("{FAE04EC0-301F-11D3-BF4B-00C04F79EFBC}") = "myuploadtest", "myuploadtest\myuploadtest.csproj", "{736ED81F-A49A-428C-8586-F87A42A86402}"
EndProject
Global
	GlobalSection(SolutionConfigurationPlatforms) = preSolution
		Debug|Any CPU = Debug|Any CPU
		Release|Any CPU = Release|Any CPU
	EndGlobalSection
	GlobalSection(ProjectConfigurationPlatforms) = postSolution
		{B2296391-5EC2-4FC9-BE0F-B8912DB29303}.Debug|Any CPU.ActiveCfg = Debug|Any CPU
		{B2296391-5EC2-4FC9-BE0F-B8912DB29303}.Debug|Any CPU.Build.0 = Debug|Any CPU
		{B2296391-5EC2-4FC9-BE0F-B8912DB29303}.Release|Any CPU.ActiveCfg = Release|Any CPU
		{B2296391-5EC2-4FC9-BE0F-B8912DB29303}.Release|Any CPU.Build.0 = Release|Any CPU
		{56083F79-76D4-4D29-BA2E-F497BB43436A}.Debug|Any CPU.ActiveCfg = Debug|Any CPU
		{56083F79-76D4-4D29-BA2E-F497BB43436A}.Debug|Any CPU.Build.0 = Debug|Any CPU
		{56083F79-76D4-4D29-BA2E-F497BB43436A}.Release|Any CPU.ActiveCfg = Release|Any CPU
		{56083F79-76D4-4D29-BA2E-F497BB43436A}.Release|Any CPU.Build.0 = Release|Any CPU
		{23E280BB-6BDA-43A3-9756-E0F3B55FB4FE}.Debug|Any CPU.ActiveCfg = Debug|Any CPU
		{23E280BB-6BDA-43A3-9756-E0F3B55FB4FE}.Debug|Any CPU.Build.0 = Debug|Any CPU
		{23E280BB-6BDA-43A3-9756-E0F3B55FB4FE}.Release|Any CPU.ActiveCfg = Release|Any CPU
		{23E280BB-6BDA-43A3-9756-E0F3B55FB4FE}.Release|Any CPU.Build.0 = Release|Any CPU
		{59FD07B5-1E54-45C2-B6FD-AB2C6F27FC0C}.Debug|Any CPU.ActiveCfg = Debug|Any CPU
		{59FD07B5-1E54-45C2-B6FD-AB2C6F27FC0C}.Debug|Any CPU.Build.0 = Debug|Any CPU
		{59FD07B5-1E54-45C2-B6FD-AB2C6F27FC0C}.Release|Any CPU.ActiveCfg = Release|Any CPU
		{59FD07B5-1E54-45C2-B6FD-AB2C6F27FC0C}.Release|Any CPU.Build.0 = Release|Any CPU
		{3D886030-E318-491D-A66E-CF9A491F3099}.Debug|Any CPU.ActiveCfg = Debug|Any CPU
		{3D886030-E318-491D-A66E-CF9A491F3099}.Debug|Any CPU.Build.0 = Debug|Any CPU
		{3D886030-E318-491D-A66E-CF9A491F3099}.Release|Any CPU.ActiveCfg = Release|Any CPU
		{3D886030-E318-491D-A66E-CF9A491F3099}.Release|Any CPU.Build.0 = Release|Any CPU
		{AE81DE24-8972-453D-98B9-7017F447FF83}.Debug|Any CPU.ActiveCfg = Debug|Any CPU
		{AE81DE24-8972-453D-98B9-7017F447FF83}.Debug|Any CPU.Build.0 = Debug|Any CPU
		{AE81DE24-8972-453D-98B9-7017F447FF83}.Release|Any CPU.ActiveCfg = Release|Any CPU
		{AE81DE24-8972-453D-98B9-7017F447FF83}.Release|Any CPU.Build.0 = Release|Any CPU
		{3767D34C-5534-4E4B-8BB9-78B75F931C29}.Debug|Any CPU.ActiveCfg = Debug|Any CPU
		{3767D34C-5534-4E4B-8BB9-78B75F931C29}.Debug|Any CPU.Build.0 = Debug|Any CPU
		{3767D34C-5534-4E4B-8BB9-78B75F931C29}.Release|Any CPU.ActiveCfg = Release|Any CPU
		{3767D34C-5534-4E4B-8BB9-78B75F931C29}.Release|Any CPU.Build.0 = Release|Any CPU
		{4D7D060C-7A8C-41DD-AF63-5DB3CB6812FD}.Debug|Any CPU.ActiveCfg = Debug|Any CPU
		{4D7D060C-7A8C-41DD-AF63-5DB3CB6812FD}.Debug|Any CPU.Build.0 = Debug|Any CPU
		{4D7D060C-7A8C-41DD-AF63-5DB3CB6812FD}.Release|Any CPU.ActiveCfg = Release|Any CPU
		{4D7D060C-7A8C-41DD-AF63-5DB3CB6812FD}.Release|Any CPU.Build.0 = Release|Any CPU
		{2ACDA824-2BA8-4334-B99D-0ED2716020E0}.Debug|Any CPU.ActiveCfg = Debug|Any CPU
		{2ACDA824-2BA8-4334-B99D-0ED2716020E0}.Debug|Any CPU.Build.0 = Debug|Any CPU
		{2ACDA824-2BA8-4334-B99D-0ED2716020E0}.Release|Any CPU.ActiveCfg = Release|Any CPU
		{2ACDA824-2BA8-4334-B99D-0ED2716020E0}.Release|Any CPU.Build.0 = Release|Any CPU
		{736ED81F-A49A-428C-8586-F87A42A86402}.Debug|Any CPU.ActiveCfg = Debug|Any CPU
		{736ED81F-A49A-428C-8586-F87A42A86402}.Debug|Any CPU.Build.0 = Debug|Any CPU
		{736ED81F-A49A-428C-8586-F87A42A86402}.Release|Any CPU.ActiveCfg = Release|Any CPU
		{736ED81F-A49A-428C-8586-F87A42A86402}.Release|Any CPU.Build.0 = Release|Any CPU
	EndGlobalSection
	GlobalSection(SolutionProperties) = preSolution
		HideSolutionNode = FALSE
	EndGlobalSection
	GlobalSection(NestedProjects) = preSolution
		{B2296391-5EC2-4FC9-BE0F-B8912DB29303} = {032C4AD6-19B2-4206-A455-E3AB597A06D5}
		{56083F79-76D4-4D29-BA2E-F497BB43436A} = {032C4AD6-19B2-4206-A455-E3AB597A06D5}
		{23E280BB-6BDA-43A3-9756-E0F3B55FB4FE} = {589397B4-0F41-4B8B-A504-0359486467C9}
		{59FD07B5-1E54-45C2-B6FD-AB2C6F27FC0C} = {A5BC82DB-3E55-44D3-9CC5-9233EAB6749E}
		{3D886030-E318-491D-A66E-CF9A491F3099} = {FC4081E3-1726-477A-A187-3D77C1BE5771}
		{AE81DE24-8972-453D-98B9-7017F447FF83} = {5C1A9758-43EA-4966-9553-66165C670F87}
		{01C7E0A2-E556-4ECD-B518-CE471925E6C9} = {5C1A9758-43EA-4966-9553-66165C670F87}
		{3767D34C-5534-4E4B-8BB9-78B75F931C29} = {01C7E0A2-E556-4ECD-B518-CE471925E6C9}
		{4D7D060C-7A8C-41DD-AF63-5DB3CB6812FD} = {01C7E0A2-E556-4ECD-B518-CE471925E6C9}
		{2ACDA824-2BA8-4334-B99D-0ED2716020E0} = {B1868F65-9ECC-42AE-B8DD-E824657E95A8}
		{736ED81F-A49A-428C-8586-F87A42A86402} = {967358A8-485B-4535-8BA1-562F2C6BF83E}
	EndGlobalSection
	GlobalSection(ExtensibilityGlobals) = postSolution
		SolutionGuid = {4F885DC5-824B-40EA-BA44-4B3AA43FC7F6}
	EndGlobalSection
EndGlobal
